// !$*UTF8*$!
{
	archiveVersion = 1;
	classes = {
	};
	objectVersion = 56;
	objects = {

/* Begin PBXBuildFile section */
		2E46A2972AD47BA9009BCA6F /* Data.swift in Sources */ = {isa = PBXBuildFile; fileRef = 2E46A2962AD47BA9009BCA6F /* Data.swift */; };
		2E46A2992AD480C0009BCA6F /* UIImage.swift in Sources */ = {isa = PBXBuildFile; fileRef = 2E46A2982AD480C0009BCA6F /* UIImage.swift */; };
		2E5073F52AD31781005214B6 /* NoCapsulesView.swift in Sources */ = {isa = PBXBuildFile; fileRef = 2E5073F42AD31781005214B6 /* NoCapsulesView.swift */; };
		2E5073F72AD34CBA005214B6 /* AppTabView.swift in Sources */ = {isa = PBXBuildFile; fileRef = 2E5073F62AD34CBA005214B6 /* AppTabView.swift */; };
		2E5073F92AD34CE2005214B6 /* AppScreen.swift in Sources */ = {isa = PBXBuildFile; fileRef = 2E5073F82AD34CE2005214B6 /* AppScreen.swift */; };
		2E5073FC2AD34DF2005214B6 /* FavouritesNavigationStack.swift in Sources */ = {isa = PBXBuildFile; fileRef = 2E5073FB2AD34DF2005214B6 /* FavouritesNavigationStack.swift */; };
		2E5073FE2AD35DBE005214B6 /* FavouritesView.swift in Sources */ = {isa = PBXBuildFile; fileRef = 2E5073FD2AD35DBE005214B6 /* FavouritesView.swift */; };
		2E90C0062AD198C900E5C0BC /* EncapsulateApp.swift in Sources */ = {isa = PBXBuildFile; fileRef = 2E90C0052AD198C900E5C0BC /* EncapsulateApp.swift */; };
		2E90C0082AD198C900E5C0BC /* ContentView.swift in Sources */ = {isa = PBXBuildFile; fileRef = 2E90C0072AD198C900E5C0BC /* ContentView.swift */; };
		2E90C00A2AD198CC00E5C0BC /* Assets.xcassets in Resources */ = {isa = PBXBuildFile; fileRef = 2E90C0092AD198CC00E5C0BC /* Assets.xcassets */; };
		2E90C00D2AD198CC00E5C0BC /* Preview Assets.xcassets in Resources */ = {isa = PBXBuildFile; fileRef = 2E90C00C2AD198CC00E5C0BC /* Preview Assets.xcassets */; };
		2E90C0192AD19CB300E5C0BC /* HomeNavigationStack.swift in Sources */ = {isa = PBXBuildFile; fileRef = 2E90C0182AD19CB300E5C0BC /* HomeNavigationStack.swift */; };
		2E90C01B2AD19DD200E5C0BC /* HomeView.swift in Sources */ = {isa = PBXBuildFile; fileRef = 2E90C01A2AD19DD200E5C0BC /* HomeView.swift */; };
		2E90C0222AD1A22B00E5C0BC /* Constants.swift in Sources */ = {isa = PBXBuildFile; fileRef = 2E90C0212AD1A22B00E5C0BC /* Constants.swift */; };
		2E90C0272AD1A42900E5C0BC /* Localizable.strings in Resources */ = {isa = PBXBuildFile; fileRef = 2E90C0292AD1A42A00E5C0BC /* Localizable.strings */; };
		2E90C02C2AD1A7FD00E5C0BC /* Text.swift in Sources */ = {isa = PBXBuildFile; fileRef = 2E90C02B2AD1A7FD00E5C0BC /* Text.swift */; };
		2E90C02F2AD1AE8000E5C0BC /* Color.swift in Sources */ = {isa = PBXBuildFile; fileRef = 2E90C02E2AD1AE8000E5C0BC /* Color.swift */; };
		2E90C0312AD1B22500E5C0BC /* CapsuleCard.swift in Sources */ = {isa = PBXBuildFile; fileRef = 2E90C0302AD1B22500E5C0BC /* CapsuleCard.swift */; };
		2E90C0342AD1B24700E5C0BC /* Capsule.swift in Sources */ = {isa = PBXBuildFile; fileRef = 2E90C0332AD1B24700E5C0BC /* Capsule.swift */; };
		2E90C0362AD1C04D00E5C0BC /* Utils.swift in Sources */ = {isa = PBXBuildFile; fileRef = 2E90C0352AD1C04C00E5C0BC /* Utils.swift */; };
		2E90C0382AD1D68500E5C0BC /* RoundedCornerShape.swift in Sources */ = {isa = PBXBuildFile; fileRef = 2E90C0372AD1D68500E5C0BC /* RoundedCornerShape.swift */; };
		2EB604CE2AD5A98F00999A64 /* CapsuleView.swift in Sources */ = {isa = PBXBuildFile; fileRef = 2EB604CD2AD5A98F00999A64 /* CapsuleView.swift */; };
		2EB604D12AD5AE4000999A64 /* CapsuleImageView.swift in Sources */ = {isa = PBXBuildFile; fileRef = 2EB604D02AD5AE4000999A64 /* CapsuleImageView.swift */; };
		2EB954DE2AD2CBC500327CFE /* View.swift in Sources */ = {isa = PBXBuildFile; fileRef = 2EB954DD2AD2CBC500327CFE /* View.swift */; };
		2EB954E02AD2CC2500327CFE /* ViewModifiers.swift in Sources */ = {isa = PBXBuildFile; fileRef = 2EB954DF2AD2CC2500327CFE /* ViewModifiers.swift */; };
		2EB954E32AD2D17B00327CFE /* AddCapsuleViewModel.swift in Sources */ = {isa = PBXBuildFile; fileRef = 2EB954E22AD2D17B00327CFE /* AddCapsuleViewModel.swift */; };
		2EB954E52AD2D5AE00327CFE /* Date.swift in Sources */ = {isa = PBXBuildFile; fileRef = 2EB954E42AD2D5AE00327CFE /* Date.swift */; };
		2EB954E92AD2FCE500327CFE /* HighlightCapsulesView.swift in Sources */ = {isa = PBXBuildFile; fileRef = 2EB954E82AD2FCE500327CFE /* HighlightCapsulesView.swift */; };
		2EB954EB2AD2FDC200327CFE /* CapsulesView.swift in Sources */ = {isa = PBXBuildFile; fileRef = 2EB954EA2AD2FDC200327CFE /* CapsulesView.swift */; };
		2EC0C3CE2AD606D200115FA7 /* CapsuleImage.swift in Sources */ = {isa = PBXBuildFile; fileRef = 2EC0C3CD2AD606D200115FA7 /* CapsuleImage.swift */; };
		2ECCFBA92ADC6D66001B81F7 /* MenuButton.swift in Sources */ = {isa = PBXBuildFile; fileRef = 2ECCFBA82ADC6D66001B81F7 /* MenuButton.swift */; };
		2EEF0CF72AD218800067D831 /* AddCapsuleSheetView.swift in Sources */ = {isa = PBXBuildFile; fileRef = 2EEF0CF62AD218800067D831 /* AddCapsuleSheetView.swift */; };
/* End PBXBuildFile section */

/* Begin PBXFileReference section */
		2E46A2962AD47BA9009BCA6F /* Data.swift */ = {isa = PBXFileReference; lastKnownFileType = sourcecode.swift; path = Data.swift; sourceTree = "<group>"; };
		2E46A2982AD480C0009BCA6F /* UIImage.swift */ = {isa = PBXFileReference; lastKnownFileType = sourcecode.swift; path = UIImage.swift; sourceTree = "<group>"; };
		2E5073F42AD31781005214B6 /* NoCapsulesView.swift */ = {isa = PBXFileReference; lastKnownFileType = sourcecode.swift; path = NoCapsulesView.swift; sourceTree = "<group>"; };
		2E5073F62AD34CBA005214B6 /* AppTabView.swift */ = {isa = PBXFileReference; lastKnownFileType = sourcecode.swift; path = AppTabView.swift; sourceTree = "<group>"; };
		2E5073F82AD34CE2005214B6 /* AppScreen.swift */ = {isa = PBXFileReference; lastKnownFileType = sourcecode.swift; path = AppScreen.swift; sourceTree = "<group>"; };
		2E5073FB2AD34DF2005214B6 /* FavouritesNavigationStack.swift */ = {isa = PBXFileReference; lastKnownFileType = sourcecode.swift; path = FavouritesNavigationStack.swift; sourceTree = "<group>"; };
		2E5073FD2AD35DBE005214B6 /* FavouritesView.swift */ = {isa = PBXFileReference; lastKnownFileType = sourcecode.swift; path = FavouritesView.swift; sourceTree = "<group>"; };
		2E90C0022AD198C900E5C0BC /* Encapsulate.app */ = {isa = PBXFileReference; explicitFileType = wrapper.application; includeInIndex = 0; path = Encapsulate.app; sourceTree = BUILT_PRODUCTS_DIR; };
		2E90C0052AD198C900E5C0BC /* EncapsulateApp.swift */ = {isa = PBXFileReference; lastKnownFileType = sourcecode.swift; path = EncapsulateApp.swift; sourceTree = "<group>"; };
		2E90C0072AD198C900E5C0BC /* ContentView.swift */ = {isa = PBXFileReference; lastKnownFileType = sourcecode.swift; path = ContentView.swift; sourceTree = "<group>"; };
		2E90C0092AD198CC00E5C0BC /* Assets.xcassets */ = {isa = PBXFileReference; lastKnownFileType = folder.assetcatalog; path = Assets.xcassets; sourceTree = "<group>"; };
		2E90C00C2AD198CC00E5C0BC /* Preview Assets.xcassets */ = {isa = PBXFileReference; lastKnownFileType = folder.assetcatalog; path = "Preview Assets.xcassets"; sourceTree = "<group>"; };
		2E90C0182AD19CB300E5C0BC /* HomeNavigationStack.swift */ = {isa = PBXFileReference; lastKnownFileType = sourcecode.swift; path = HomeNavigationStack.swift; sourceTree = "<group>"; };
		2E90C01A2AD19DD200E5C0BC /* HomeView.swift */ = {isa = PBXFileReference; lastKnownFileType = sourcecode.swift; path = HomeView.swift; sourceTree = "<group>"; };
		2E90C0212AD1A22B00E5C0BC /* Constants.swift */ = {isa = PBXFileReference; lastKnownFileType = sourcecode.swift; path = Constants.swift; sourceTree = "<group>"; };
		2E90C0282AD1A42A00E5C0BC /* en */ = {isa = PBXFileReference; lastKnownFileType = text.plist.strings; name = en; path = en.lproj/Localizable.strings; sourceTree = "<group>"; };
		2E90C02B2AD1A7FD00E5C0BC /* Text.swift */ = {isa = PBXFileReference; lastKnownFileType = sourcecode.swift; path = Text.swift; sourceTree = "<group>"; };
		2E90C02E2AD1AE8000E5C0BC /* Color.swift */ = {isa = PBXFileReference; lastKnownFileType = sourcecode.swift; path = Color.swift; sourceTree = "<group>"; };
		2E90C0302AD1B22500E5C0BC /* CapsuleCard.swift */ = {isa = PBXFileReference; lastKnownFileType = sourcecode.swift; path = CapsuleCard.swift; sourceTree = "<group>"; };
		2E90C0332AD1B24700E5C0BC /* Capsule.swift */ = {isa = PBXFileReference; lastKnownFileType = sourcecode.swift; path = Capsule.swift; sourceTree = "<group>"; };
		2E90C0352AD1C04C00E5C0BC /* Utils.swift */ = {isa = PBXFileReference; lastKnownFileType = sourcecode.swift; path = Utils.swift; sourceTree = "<group>"; };
		2E90C0372AD1D68500E5C0BC /* RoundedCornerShape.swift */ = {isa = PBXFileReference; lastKnownFileType = sourcecode.swift; path = RoundedCornerShape.swift; sourceTree = "<group>"; };
		2EB604CD2AD5A98F00999A64 /* CapsuleView.swift */ = {isa = PBXFileReference; lastKnownFileType = sourcecode.swift; path = CapsuleView.swift; sourceTree = "<group>"; };
		2EB604D02AD5AE4000999A64 /* CapsuleImageView.swift */ = {isa = PBXFileReference; lastKnownFileType = sourcecode.swift; path = CapsuleImageView.swift; sourceTree = "<group>"; };
		2EB954DD2AD2CBC500327CFE /* View.swift */ = {isa = PBXFileReference; lastKnownFileType = sourcecode.swift; path = View.swift; sourceTree = "<group>"; };
		2EB954DF2AD2CC2500327CFE /* ViewModifiers.swift */ = {isa = PBXFileReference; lastKnownFileType = sourcecode.swift; path = ViewModifiers.swift; sourceTree = "<group>"; };
		2EB954E22AD2D17B00327CFE /* AddCapsuleViewModel.swift */ = {isa = PBXFileReference; lastKnownFileType = sourcecode.swift; path = AddCapsuleViewModel.swift; sourceTree = "<group>"; };
		2EB954E42AD2D5AE00327CFE /* Date.swift */ = {isa = PBXFileReference; lastKnownFileType = sourcecode.swift; path = Date.swift; sourceTree = "<group>"; };
		2EB954E82AD2FCE500327CFE /* HighlightCapsulesView.swift */ = {isa = PBXFileReference; lastKnownFileType = sourcecode.swift; path = HighlightCapsulesView.swift; sourceTree = "<group>"; };
		2EB954EA2AD2FDC200327CFE /* CapsulesView.swift */ = {isa = PBXFileReference; lastKnownFileType = sourcecode.swift; path = CapsulesView.swift; sourceTree = "<group>"; };
		2EC0C3CD2AD606D200115FA7 /* CapsuleImage.swift */ = {isa = PBXFileReference; lastKnownFileType = sourcecode.swift; path = CapsuleImage.swift; sourceTree = "<group>"; };
		2ECCFBA82ADC6D66001B81F7 /* MenuButton.swift */ = {isa = PBXFileReference; lastKnownFileType = sourcecode.swift; path = MenuButton.swift; sourceTree = "<group>"; };
		2EEF0CF62AD218800067D831 /* AddCapsuleSheetView.swift */ = {isa = PBXFileReference; lastKnownFileType = sourcecode.swift; path = AddCapsuleSheetView.swift; sourceTree = "<group>"; };
/* End PBXFileReference section */

/* Begin PBXFrameworksBuildPhase section */
		2E90BFFF2AD198C900E5C0BC /* Frameworks */ = {
			isa = PBXFrameworksBuildPhase;
			buildActionMask = 2147483647;
			files = (
			);
			runOnlyForDeploymentPostprocessing = 0;
		};
/* End PBXFrameworksBuildPhase section */

/* Begin PBXGroup section */
		2E5073FA2AD34DD6005214B6 /* Favourites */ = {
			isa = PBXGroup;
			children = (
				2E5073FB2AD34DF2005214B6 /* FavouritesNavigationStack.swift */,
				2E5073FD2AD35DBE005214B6 /* FavouritesView.swift */,
			);
			path = Favourites;
			sourceTree = "<group>";
		};
		2E90BFF92AD198C900E5C0BC = {
			isa = PBXGroup;
			children = (
				2E90C0042AD198C900E5C0BC /* Encapsulate */,
				2E90C0032AD198C900E5C0BC /* Products */,
			);
			sourceTree = "<group>";
		};
		2E90C0032AD198C900E5C0BC /* Products */ = {
			isa = PBXGroup;
			children = (
				2E90C0022AD198C900E5C0BC /* Encapsulate.app */,
			);
			name = Products;
			sourceTree = "<group>";
		};
		2E90C0042AD198C900E5C0BC /* Encapsulate */ = {
			isa = PBXGroup;
			children = (
				2E90C0052AD198C900E5C0BC /* EncapsulateApp.swift */,
				2E90C0072AD198C900E5C0BC /* ContentView.swift */,
				2E90C0322AD1B23000E5C0BC /* Models */,
				2E90C01C2AD19FE800E5C0BC /* Navigation */,
				2E90C0132AD19BFD00E5C0BC /* HomeView */,
				2E5073FA2AD34DD6005214B6 /* Favourites */,
				2E90C02D2AD1AD4600E5C0BC /* Components */,
				2E90C0202AD1A21C00E5C0BC /* Utils */,
				2E90C02A2AD1A7DC00E5C0BC /* Extensions */,
				2E90C0092AD198CC00E5C0BC /* Assets.xcassets */,
				2E90C00B2AD198CC00E5C0BC /* Preview Content */,
			);
			path = Encapsulate;
			sourceTree = "<group>";
		};
		2E90C00B2AD198CC00E5C0BC /* Preview Content */ = {
			isa = PBXGroup;
			children = (
				2E90C00C2AD198CC00E5C0BC /* Preview Assets.xcassets */,
			);
			path = "Preview Content";
			sourceTree = "<group>";
		};
		2E90C0132AD19BFD00E5C0BC /* HomeView */ = {
			isa = PBXGroup;
			children = (
				2E90C0182AD19CB300E5C0BC /* HomeNavigationStack.swift */,
				2E90C01A2AD19DD200E5C0BC /* HomeView.swift */,
				2EB954E12AD2D15900327CFE /* AddCapsuleSheet */,
				2EB954E82AD2FCE500327CFE /* HighlightCapsulesView.swift */,
				2EB954EA2AD2FDC200327CFE /* CapsulesView.swift */,
				2E5073F42AD31781005214B6 /* NoCapsulesView.swift */,
			);
			path = HomeView;
			sourceTree = "<group>";
		};
		2E90C01C2AD19FE800E5C0BC /* Navigation */ = {
			isa = PBXGroup;
			children = (
				2E5073F62AD34CBA005214B6 /* AppTabView.swift */,
				2E5073F82AD34CE2005214B6 /* AppScreen.swift */,
			);
			path = Navigation;
			sourceTree = "<group>";
		};
		2E90C0202AD1A21C00E5C0BC /* Utils */ = {
			isa = PBXGroup;
			children = (
				2E90C0352AD1C04C00E5C0BC /* Utils.swift */,
				2E90C0212AD1A22B00E5C0BC /* Constants.swift */,
				2E90C0292AD1A42A00E5C0BC /* Localizable.strings */,
			);
			path = Utils;
			sourceTree = "<group>";
		};
		2E90C02A2AD1A7DC00E5C0BC /* Extensions */ = {
			isa = PBXGroup;
			children = (
				2E90C02B2AD1A7FD00E5C0BC /* Text.swift */,
				2E90C02E2AD1AE8000E5C0BC /* Color.swift */,
				2EB954DD2AD2CBC500327CFE /* View.swift */,
				2EB954DF2AD2CC2500327CFE /* ViewModifiers.swift */,
				2EB954E42AD2D5AE00327CFE /* Date.swift */,
				2E46A2962AD47BA9009BCA6F /* Data.swift */,
				2E46A2982AD480C0009BCA6F /* UIImage.swift */,
			);
			path = Extensions;
			sourceTree = "<group>";
		};
		2E90C02D2AD1AD4600E5C0BC /* Components */ = {
			isa = PBXGroup;
			children = (
				2EB604CF2AD5AE2000999A64 /* CapsuleView */,
				2E90C0302AD1B22500E5C0BC /* CapsuleCard.swift */,
				2E90C0372AD1D68500E5C0BC /* RoundedCornerShape.swift */,
				2ECCFBA82ADC6D66001B81F7 /* MenuButton.swift */,
			);
			path = Components;
			sourceTree = "<group>";
		};
		2E90C0322AD1B23000E5C0BC /* Models */ = {
			isa = PBXGroup;
			children = (
				2E90C0332AD1B24700E5C0BC /* Capsule.swift */,
				2EC0C3CD2AD606D200115FA7 /* CapsuleImage.swift */,
			);
			path = Models;
			sourceTree = "<group>";
		};
		2EB604CF2AD5AE2000999A64 /* CapsuleView */ = {
			isa = PBXGroup;
			children = (
				2EB604CD2AD5A98F00999A64 /* CapsuleView.swift */,
				2EB604D02AD5AE4000999A64 /* CapsuleImageView.swift */,
			);
			path = CapsuleView;
			sourceTree = "<group>";
		};
		2EB954E12AD2D15900327CFE /* AddCapsuleSheet */ = {
			isa = PBXGroup;
			children = (
				2EEF0CF62AD218800067D831 /* AddCapsuleSheetView.swift */,
				2EB954E22AD2D17B00327CFE /* AddCapsuleViewModel.swift */,
			);
			path = AddCapsuleSheet;
			sourceTree = "<group>";
		};
/* End PBXGroup section */

/* Begin PBXNativeTarget section */
		2E90C0012AD198C900E5C0BC /* Encapsulate */ = {
			isa = PBXNativeTarget;
			buildConfigurationList = 2E90C0102AD198CC00E5C0BC /* Build configuration list for PBXNativeTarget "Encapsulate" */;
			buildPhases = (
				2E90BFFE2AD198C900E5C0BC /* Sources */,
				2E90BFFF2AD198C900E5C0BC /* Frameworks */,
				2E90C0002AD198C900E5C0BC /* Resources */,
			);
			buildRules = (
			);
			dependencies = (
			);
			name = Encapsulate;
			productName = Encapsulate;
			productReference = 2E90C0022AD198C900E5C0BC /* Encapsulate.app */;
			productType = "com.apple.product-type.application";
		};
/* End PBXNativeTarget section */

/* Begin PBXProject section */
		2E90BFFA2AD198C900E5C0BC /* Project object */ = {
			isa = PBXProject;
			attributes = {
				BuildIndependentTargetsInParallel = 1;
				LastSwiftUpdateCheck = 1500;
				LastUpgradeCheck = 1500;
				TargetAttributes = {
					2E90C0012AD198C900E5C0BC = {
						CreatedOnToolsVersion = 15.0;
					};
				};
			};
			buildConfigurationList = 2E90BFFD2AD198C900E5C0BC /* Build configuration list for PBXProject "Encapsulate" */;
			compatibilityVersion = "Xcode 14.0";
			developmentRegion = en;
			hasScannedForEncodings = 0;
			knownRegions = (
				en,
				Base,
			);
			mainGroup = 2E90BFF92AD198C900E5C0BC;
			productRefGroup = 2E90C0032AD198C900E5C0BC /* Products */;
			projectDirPath = "";
			projectRoot = "";
			targets = (
				2E90C0012AD198C900E5C0BC /* Encapsulate */,
			);
		};
/* End PBXProject section */

/* Begin PBXResourcesBuildPhase section */
		2E90C0002AD198C900E5C0BC /* Resources */ = {
			isa = PBXResourcesBuildPhase;
			buildActionMask = 2147483647;
			files = (
				2E90C00D2AD198CC00E5C0BC /* Preview Assets.xcassets in Resources */,
				2E90C0272AD1A42900E5C0BC /* Localizable.strings in Resources */,
				2E90C00A2AD198CC00E5C0BC /* Assets.xcassets in Resources */,
			);
			runOnlyForDeploymentPostprocessing = 0;
		};
/* End PBXResourcesBuildPhase section */

/* Begin PBXSourcesBuildPhase section */
		2E90BFFE2AD198C900E5C0BC /* Sources */ = {
			isa = PBXSourcesBuildPhase;
			buildActionMask = 2147483647;
			files = (
				2EB954E02AD2CC2500327CFE /* ViewModifiers.swift in Sources */,
				2EC0C3CE2AD606D200115FA7 /* CapsuleImage.swift in Sources */,
				2E46A2992AD480C0009BCA6F /* UIImage.swift in Sources */,
				2EEF0CF72AD218800067D831 /* AddCapsuleSheetView.swift in Sources */,
				2E90C0312AD1B22500E5C0BC /* CapsuleCard.swift in Sources */,
				2E90C0342AD1B24700E5C0BC /* Capsule.swift in Sources */,
				2E90C0382AD1D68500E5C0BC /* RoundedCornerShape.swift in Sources */,
				2E90C0082AD198C900E5C0BC /* ContentView.swift in Sources */,
				2EB954E52AD2D5AE00327CFE /* Date.swift in Sources */,
				2E46A2972AD47BA9009BCA6F /* Data.swift in Sources */,
				2E5073FC2AD34DF2005214B6 /* FavouritesNavigationStack.swift in Sources */,
				2EB954E32AD2D17B00327CFE /* AddCapsuleViewModel.swift in Sources */,
				2EB954EB2AD2FDC200327CFE /* CapsulesView.swift in Sources */,
				2E90C01B2AD19DD200E5C0BC /* HomeView.swift in Sources */,
				2EB954E92AD2FCE500327CFE /* HighlightCapsulesView.swift in Sources */,
				2EB604CE2AD5A98F00999A64 /* CapsuleView.swift in Sources */,
				2E90C02C2AD1A7FD00E5C0BC /* Text.swift in Sources */,
				2E90C0062AD198C900E5C0BC /* EncapsulateApp.swift in Sources */,
				2E90C0362AD1C04D00E5C0BC /* Utils.swift in Sources */,
				2E5073F92AD34CE2005214B6 /* AppScreen.swift in Sources */,
				2E5073FE2AD35DBE005214B6 /* FavouritesView.swift in Sources */,
				2EB604D12AD5AE4000999A64 /* CapsuleImageView.swift in Sources */,
				2ECCFBA92ADC6D66001B81F7 /* MenuButton.swift in Sources */,
				2E90C02F2AD1AE8000E5C0BC /* Color.swift in Sources */,
				2E90C0192AD19CB300E5C0BC /* HomeNavigationStack.swift in Sources */,
				2EB954DE2AD2CBC500327CFE /* View.swift in Sources */,
				2E5073F72AD34CBA005214B6 /* AppTabView.swift in Sources */,
				2E90C0222AD1A22B00E5C0BC /* Constants.swift in Sources */,
				2E5073F52AD31781005214B6 /* NoCapsulesView.swift in Sources */,
			);
			runOnlyForDeploymentPostprocessing = 0;
		};
/* End PBXSourcesBuildPhase section */

/* Begin PBXVariantGroup section */
		2E90C0292AD1A42A00E5C0BC /* Localizable.strings */ = {
			isa = PBXVariantGroup;
			children = (
				2E90C0282AD1A42A00E5C0BC /* en */,
			);
			name = Localizable.strings;
			sourceTree = "<group>";
		};
/* End PBXVariantGroup section */

/* Begin XCBuildConfiguration section */
		2E90C00E2AD198CC00E5C0BC /* Debug */ = {
			isa = XCBuildConfiguration;
			buildSettings = {
				ALWAYS_SEARCH_USER_PATHS = NO;
				ASSETCATALOG_COMPILER_GENERATE_SWIFT_ASSET_SYMBOL_EXTENSIONS = YES;
				CLANG_ANALYZER_NONNULL = YES;
				CLANG_ANALYZER_NUMBER_OBJECT_CONVERSION = YES_AGGRESSIVE;
				CLANG_CXX_LANGUAGE_STANDARD = "gnu++20";
				CLANG_ENABLE_MODULES = YES;
				CLANG_ENABLE_OBJC_ARC = YES;
				CLANG_ENABLE_OBJC_WEAK = YES;
				CLANG_WARN_BLOCK_CAPTURE_AUTORELEASING = YES;
				CLANG_WARN_BOOL_CONVERSION = YES;
				CLANG_WARN_COMMA = YES;
				CLANG_WARN_CONSTANT_CONVERSION = YES;
				CLANG_WARN_DEPRECATED_OBJC_IMPLEMENTATIONS = YES;
				CLANG_WARN_DIRECT_OBJC_ISA_USAGE = YES_ERROR;
				CLANG_WARN_DOCUMENTATION_COMMENTS = YES;
				CLANG_WARN_EMPTY_BODY = YES;
				CLANG_WARN_ENUM_CONVERSION = YES;
				CLANG_WARN_INFINITE_RECURSION = YES;
				CLANG_WARN_INT_CONVERSION = YES;
				CLANG_WARN_NON_LITERAL_NULL_CONVERSION = YES;
				CLANG_WARN_OBJC_IMPLICIT_RETAIN_SELF = YES;
				CLANG_WARN_OBJC_LITERAL_CONVERSION = YES;
				CLANG_WARN_OBJC_ROOT_CLASS = YES_ERROR;
				CLANG_WARN_QUOTED_INCLUDE_IN_FRAMEWORK_HEADER = YES;
				CLANG_WARN_RANGE_LOOP_ANALYSIS = YES;
				CLANG_WARN_STRICT_PROTOTYPES = YES;
				CLANG_WARN_SUSPICIOUS_MOVE = YES;
				CLANG_WARN_UNGUARDED_AVAILABILITY = YES_AGGRESSIVE;
				CLANG_WARN_UNREACHABLE_CODE = YES;
				CLANG_WARN__DUPLICATE_METHOD_MATCH = YES;
				COPY_PHASE_STRIP = NO;
				DEBUG_INFORMATION_FORMAT = dwarf;
				ENABLE_STRICT_OBJC_MSGSEND = YES;
				ENABLE_TESTABILITY = YES;
				ENABLE_USER_SCRIPT_SANDBOXING = YES;
				GCC_C_LANGUAGE_STANDARD = gnu17;
				GCC_DYNAMIC_NO_PIC = NO;
				GCC_NO_COMMON_BLOCKS = YES;
				GCC_OPTIMIZATION_LEVEL = 0;
				GCC_PREPROCESSOR_DEFINITIONS = (
					"DEBUG=1",
					"$(inherited)",
				);
				GCC_WARN_64_TO_32_BIT_CONVERSION = YES;
				GCC_WARN_ABOUT_RETURN_TYPE = YES_ERROR;
				GCC_WARN_UNDECLARED_SELECTOR = YES;
				GCC_WARN_UNINITIALIZED_AUTOS = YES_AGGRESSIVE;
				GCC_WARN_UNUSED_FUNCTION = YES;
				GCC_WARN_UNUSED_VARIABLE = YES;
				IPHONEOS_DEPLOYMENT_TARGET = 17.0;
				LOCALIZATION_PREFERS_STRING_CATALOGS = YES;
				MTL_ENABLE_DEBUG_INFO = INCLUDE_SOURCE;
				MTL_FAST_MATH = YES;
				ONLY_ACTIVE_ARCH = YES;
				SDKROOT = iphoneos;
				SWIFT_ACTIVE_COMPILATION_CONDITIONS = "DEBUG $(inherited)";
				SWIFT_OPTIMIZATION_LEVEL = "-Onone";
			};
			name = Debug;
		};
		2E90C00F2AD198CC00E5C0BC /* Release */ = {
			isa = XCBuildConfiguration;
			buildSettings = {
				ALWAYS_SEARCH_USER_PATHS = NO;
				ASSETCATALOG_COMPILER_GENERATE_SWIFT_ASSET_SYMBOL_EXTENSIONS = YES;
				CLANG_ANALYZER_NONNULL = YES;
				CLANG_ANALYZER_NUMBER_OBJECT_CONVERSION = YES_AGGRESSIVE;
				CLANG_CXX_LANGUAGE_STANDARD = "gnu++20";
				CLANG_ENABLE_MODULES = YES;
				CLANG_ENABLE_OBJC_ARC = YES;
				CLANG_ENABLE_OBJC_WEAK = YES;
				CLANG_WARN_BLOCK_CAPTURE_AUTORELEASING = YES;
				CLANG_WARN_BOOL_CONVERSION = YES;
				CLANG_WARN_COMMA = YES;
				CLANG_WARN_CONSTANT_CONVERSION = YES;
				CLANG_WARN_DEPRECATED_OBJC_IMPLEMENTATIONS = YES;
				CLANG_WARN_DIRECT_OBJC_ISA_USAGE = YES_ERROR;
				CLANG_WARN_DOCUMENTATION_COMMENTS = YES;
				CLANG_WARN_EMPTY_BODY = YES;
				CLANG_WARN_ENUM_CONVERSION = YES;
				CLANG_WARN_INFINITE_RECURSION = YES;
				CLANG_WARN_INT_CONVERSION = YES;
				CLANG_WARN_NON_LITERAL_NULL_CONVERSION = YES;
				CLANG_WARN_OBJC_IMPLICIT_RETAIN_SELF = YES;
				CLANG_WARN_OBJC_LITERAL_CONVERSION = YES;
				CLANG_WARN_OBJC_ROOT_CLASS = YES_ERROR;
				CLANG_WARN_QUOTED_INCLUDE_IN_FRAMEWORK_HEADER = YES;
				CLANG_WARN_RANGE_LOOP_ANALYSIS = YES;
				CLANG_WARN_STRICT_PROTOTYPES = YES;
				CLANG_WARN_SUSPICIOUS_MOVE = YES;
				CLANG_WARN_UNGUARDED_AVAILABILITY = YES_AGGRESSIVE;
				CLANG_WARN_UNREACHABLE_CODE = YES;
				CLANG_WARN__DUPLICATE_METHOD_MATCH = YES;
				COPY_PHASE_STRIP = NO;
				DEBUG_INFORMATION_FORMAT = "dwarf-with-dsym";
				ENABLE_NS_ASSERTIONS = NO;
				ENABLE_STRICT_OBJC_MSGSEND = YES;
				ENABLE_USER_SCRIPT_SANDBOXING = YES;
				GCC_C_LANGUAGE_STANDARD = gnu17;
				GCC_NO_COMMON_BLOCKS = YES;
				GCC_WARN_64_TO_32_BIT_CONVERSION = YES;
				GCC_WARN_ABOUT_RETURN_TYPE = YES_ERROR;
				GCC_WARN_UNDECLARED_SELECTOR = YES;
				GCC_WARN_UNINITIALIZED_AUTOS = YES_AGGRESSIVE;
				GCC_WARN_UNUSED_FUNCTION = YES;
				GCC_WARN_UNUSED_VARIABLE = YES;
				IPHONEOS_DEPLOYMENT_TARGET = 17.0;
				LOCALIZATION_PREFERS_STRING_CATALOGS = YES;
				MTL_ENABLE_DEBUG_INFO = NO;
				MTL_FAST_MATH = YES;
				SDKROOT = iphoneos;
				SWIFT_COMPILATION_MODE = wholemodule;
				VALIDATE_PRODUCT = YES;
			};
			name = Release;
		};
		2E90C0112AD198CC00E5C0BC /* Debug */ = {
			isa = XCBuildConfiguration;
			buildSettings = {
				ASSETCATALOG_COMPILER_APPICON_NAME = AppIcon;
				ASSETCATALOG_COMPILER_GLOBAL_ACCENT_COLOR_NAME = AccentColor;
				CODE_SIGN_STYLE = Automatic;
				CURRENT_PROJECT_VERSION = 1;
				DEVELOPMENT_ASSET_PATHS = "\"Encapsulate/Preview Content\"";
				DEVELOPMENT_TEAM = UD7DDMT4QH;
				ENABLE_PREVIEWS = YES;
				GENERATE_INFOPLIST_FILE = YES;
				INFOPLIST_KEY_UIApplicationSceneManifest_Generation = YES;
				INFOPLIST_KEY_UIApplicationSupportsIndirectInputEvents = YES;
				INFOPLIST_KEY_UILaunchScreen_Generation = YES;
				INFOPLIST_KEY_UISupportedInterfaceOrientations = UIInterfaceOrientationPortrait;
				INFOPLIST_KEY_UISupportedInterfaceOrientations_iPad = "UIInterfaceOrientationLandscapeLeft UIInterfaceOrientationLandscapeRight UIInterfaceOrientationPortrait UIInterfaceOrientationPortraitUpsideDown";
				LD_RUNPATH_SEARCH_PATHS = (
					"$(inherited)",
					"@executable_path/Frameworks",
				);
				MARKETING_VERSION = 1.0;
				PRODUCT_BUNDLE_IDENTIFIER = "com.greg-ross.Encapsulate";
				PRODUCT_NAME = "$(TARGET_NAME)";
				SUPPORTED_PLATFORMS = "iphoneos iphonesimulator";
				SUPPORTS_MACCATALYST = NO;
				SUPPORTS_MAC_DESIGNED_FOR_IPHONE_IPAD = NO;
				SWIFT_EMIT_LOC_STRINGS = YES;
				SWIFT_VERSION = 5.0;
				TARGETED_DEVICE_FAMILY = 1;
			};
			name = Debug;
		};
		2E90C0122AD198CC00E5C0BC /* Release */ = {
			isa = XCBuildConfiguration;
			buildSettings = {
				ASSETCATALOG_COMPILER_APPICON_NAME = AppIcon;
				ASSETCATALOG_COMPILER_GLOBAL_ACCENT_COLOR_NAME = AccentColor;
				CODE_SIGN_STYLE = Automatic;
				CURRENT_PROJECT_VERSION = 1;
				DEVELOPMENT_ASSET_PATHS = "\"Encapsulate/Preview Content\"";
				DEVELOPMENT_TEAM = UD7DDMT4QH;
				ENABLE_PREVIEWS = YES;
				GENERATE_INFOPLIST_FILE = YES;
				INFOPLIST_KEY_UIApplicationSceneManifest_Generation = YES;
				INFOPLIST_KEY_UIApplicationSupportsIndirectInputEvents = YES;
				INFOPLIST_KEY_UILaunchScreen_Generation = YES;
				INFOPLIST_KEY_UISupportedInterfaceOrientations = UIInterfaceOrientationPortrait;
				INFOPLIST_KEY_UISupportedInterfaceOrientations_iPad = "UIInterfaceOrientationLandscapeLeft UIInterfaceOrientationLandscapeRight UIInterfaceOrientationPortrait UIInterfaceOrientationPortraitUpsideDown";
				LD_RUNPATH_SEARCH_PATHS = (
					"$(inherited)",
					"@executable_path/Frameworks",
				);
				MARKETING_VERSION = 1.0;
				PRODUCT_BUNDLE_IDENTIFIER = "com.greg-ross.Encapsulate";
				PRODUCT_NAME = "$(TARGET_NAME)";
				SUPPORTED_PLATFORMS = "iphoneos iphonesimulator";
				SUPPORTS_MACCATALYST = NO;
				SUPPORTS_MAC_DESIGNED_FOR_IPHONE_IPAD = NO;
				SWIFT_EMIT_LOC_STRINGS = YES;
				SWIFT_VERSION = 5.0;
				TARGETED_DEVICE_FAMILY = 1;
			};
			name = Release;
		};
/* End XCBuildConfiguration section */

/* Begin XCConfigurationList section */
		2E90BFFD2AD198C900E5C0BC /* Build configuration list for PBXProject "Encapsulate" */ = {
			isa = XCConfigurationList;
			buildConfigurations = (
				2E90C00E2AD198CC00E5C0BC /* Debug */,
				2E90C00F2AD198CC00E5C0BC /* Release */,
			);
			defaultConfigurationIsVisible = 0;
			defaultConfigurationName = Release;
		};
		2E90C0102AD198CC00E5C0BC /* Build configuration list for PBXNativeTarget "Encapsulate" */ = {
			isa = XCConfigurationList;
			buildConfigurations = (
				2E90C0112AD198CC00E5C0BC /* Debug */,
				2E90C0122AD198CC00E5C0BC /* Release */,
			);
			defaultConfigurationIsVisible = 0;
			defaultConfigurationName = Release;
		};
/* End XCConfigurationList section */
	};
	rootObject = 2E90BFFA2AD198C900E5C0BC /* Project object */;
}
